
Microsoft Visual Studio Solution File, Format Version 12.00
# Visual Studio Version 17
VisualStudioVersion = 17.5.33516.290
MinimumVisualStudioVersion = 10.0.40219.1
Project("{8BC9CEB8-8B4A-11D0-8D11-00A0C91BC942}") = "Activity_pointer_and_friendclass_20180140106", "Activity_pointer_and_friendclass_20180140106.vcxproj", "{25115C53-EC5F-4545-8902-E1DFFFB18D90}"
EndProject
Global
	GlobalSection(SolutionConfigurationPlatforms) = preSolution
		Debug|x64 = Debug|x64
		Debug|x86 = Debug|x86
		Release|x64 = Release|x64
		Release|x86 = Release|x86
	EndGlobalSection
	GlobalSection(ProjectConfigurationPlatforms) = postSolution
		{25115C53-EC5F-4545-8902-E1DFFFB18D90}.Debug|x64.ActiveCfg = Debug|x64
		{25115C53-EC5F-4545-8902-E1DFFFB18D90}.Debug|x64.Build.0 = Debug|x64
		{25115C53-EC5F-4545-8902-E1DFFFB18D90}.Debug|x86.ActiveCfg = Debug|Win32
		{25115C53-EC5F-4545-8902-E1DFFFB18D90}.Debug|x86.Build.0 = Debug|Win32
		{25115C53-EC5F-4545-8902-E1DFFFB18D90}.Release|x64.ActiveCfg = Release|x64
		{25115C53-EC5F-4545-8902-E1DFFFB18D90}.Release|x64.Build.0 = Release|x64
		{25115C53-EC5F-4545-8902-E1DFFFB18D90}.Release|x86.ActiveCfg = Release|Win32
		{25115C53-EC5F-4545-8902-E1DFFFB18D90}.Release|x86.Build.0 = Release|Win32
	EndGlobalSection
	GlobalSection(SolutionProperties) = preSolution
		HideSolutionNode = FALSE
	EndGlobalSection
	GlobalSection(ExtensibilityGlobals) = postSolution
		SolutionGuid = {5D459D2A-812A-4750-8BD2-984CCB645690}
	EndGlobalSection
EndGlobal
